
Microsoft Visual Studio Solution File, Format Version 12.00
# Visual Studio Version 17
VisualStudioVersion = 17.4.33403.182
MinimumVisualStudioVersion = 10.0.40219.1
Project("{FAE04EC0-301F-11D3-BF4B-00C04F79EFBC}") = "STUDY.CONSOLE.MathGame", "STUDY.CONSOLE.MathGame\STUDY.CONSOLE.MathGame.csproj", "{CC3CB96A-1155-450D-846E-5FC083C47274}"
EndProject
Global
	GlobalSection(SolutionConfigurationPlatforms) = preSolution
		Debug|Any CPU = Debug|Any CPU
		Release|Any CPU = Release|Any CPU
	EndGlobalSection
	GlobalSection(ProjectConfigurationPlatforms) = postSolution
		{CC3CB96A-1155-450D-846E-5FC083C47274}.Debug|Any CPU.ActiveCfg = Debug|Any CPU
		{CC3CB96A-1155-450D-846E-5FC083C47274}.Debug|Any CPU.Build.0 = Debug|Any CPU
		{CC3CB96A-1155-450D-846E-5FC083C47274}.Release|Any CPU.ActiveCfg = Release|Any CPU
		{CC3CB96A-1155-450D-846E-5FC083C47274}.Release|Any CPU.Build.0 = Release|Any CPU
	EndGlobalSection
	GlobalSection(SolutionProperties) = preSolution
		HideSolutionNode = FALSE
	EndGlobalSection
	GlobalSection(ExtensibilityGlobals) = postSolution
		SolutionGuid = {EB0EF83E-8665-4E1B-816F-E9DF8E22495A}
	EndGlobalSection
EndGlobal
